
Microsoft Visual Studio Solution File, Format Version 11.00
# Visual Studio 2010
Project("{FAE04EC0-301F-11D3-BF4B-00C04F79EFBC}") = "Testing123", "Assembly-CSharp.csproj", "{5748ACF7-D7D4-4474-CA04-7BD8A5EF015B}"
EndProject
Project("{FAE04EC0-301F-11D3-BF4B-00C04F79EFBC}") = "Testing123", "Assembly-CSharp-Editor.csproj", "{2A6599D7-0001-DA27-E952-A48E627B28E1}"
EndProject
Global
	GlobalSection(SolutionConfigurationPlatforms) = preSolution
		Debug|Any CPU = Debug|Any CPU
		Release|Any CPU = Release|Any CPU
	EndGlobalSection
	GlobalSection(ProjectConfigurationPlatforms) = postSolution
		{5748ACF7-D7D4-4474-CA04-7BD8A5EF015B}.Debug|Any CPU.ActiveCfg = Debug|Any CPU
		{5748ACF7-D7D4-4474-CA04-7BD8A5EF015B}.Debug|Any CPU.Build.0 = Debug|Any CPU
		{5748ACF7-D7D4-4474-CA04-7BD8A5EF015B}.Release|Any CPU.ActiveCfg = Release|Any CPU
		{5748ACF7-D7D4-4474-CA04-7BD8A5EF015B}.Release|Any CPU.Build.0 = Release|Any CPU
		{2A6599D7-0001-DA27-E952-A48E627B28E1}.Debug|Any CPU.ActiveCfg = Debug|Any CPU
		{2A6599D7-0001-DA27-E952-A48E627B28E1}.Debug|Any CPU.Build.0 = Debug|Any CPU
		{2A6599D7-0001-DA27-E952-A48E627B28E1}.Release|Any CPU.ActiveCfg = Release|Any CPU
		{2A6599D7-0001-DA27-E952-A48E627B28E1}.Release|Any CPU.Build.0 = Release|Any CPU
	EndGlobalSection
	GlobalSection(SolutionProperties) = preSolution
		HideSolutionNode = FALSE
	EndGlobalSection
	GlobalSection(MonoDevelopProperties) = preSolution
		StartupItem = Assembly-CSharp.csproj
	EndGlobalSection
EndGlobal
